
Microsoft Visual Studio Solution File, Format Version 12.00
# Visual Studio Version 17
VisualStudioVersion = 17.14.37516.0
MinimumVisualStudioVersion = 10.0.40219.1
Project("{FAE04EC0-301F-11D3-BF4B-00C04F79EFBC}") = "HybridWash_BE_API", "HybridWash_BE_API\HybridWash_BE_API.csproj", "{34A316DB-E16A-4CA5-9A7A-2A957A4E2EDB}"
EndProject
Project("{FAE04EC0-301F-11D3-BF4B-00C04F79EFBC}") = "HybridWash.Entities", "HybridWash.Entities\HybridWash.Entities.csproj", "{70EF072A-A122-47B0-A069-B5B631E93523}"
EndProject
Project("{FAE04EC0-301F-11D3-BF4B-00C04F79EFBC}") = "HybridWash.Repositories", "HybridWash.Repositories\HybridWash.Repositories.csproj", "{62788967-D32D-42CA-8ECB-1D3437E82B85}"
EndProject
Project("{FAE04EC0-301F-11D3-BF4B-00C04F79EFBC}") = "HybridWash.Services", "HybridWash.Services\HybridWash.Services.csproj", "{64F72965-C024-4E20-A786-76AF3F6D5836}"
EndProject
Global
	GlobalSection(SolutionConfigurationPlatforms) = preSolution
		Debug|Any CPU = Debug|Any CPU
		Release|Any CPU = Release|Any CPU
	EndGlobalSection
	GlobalSection(ProjectConfigurationPlatforms) = postSolution
		{34A316DB-E16A-4CA5-9A7A-2A957A4E2EDB}.Debug|Any CPU.ActiveCfg = Debug|Any CPU
		{34A316DB-E16A-4CA5-9A7A-2A957A4E2EDB}.Debug|Any CPU.Build.0 = Debug|Any CPU
		{34A316DB-E16A-4CA5-9A7A-2A957A4E2EDB}.Release|Any CPU.ActiveCfg = Release|Any CPU
		{34A316DB-E16A-4CA5-9A7A-2A957A4E2EDB}.Release|Any CPU.Build.0 = Release|Any CPU
		{70EF072A-A122-47B0-A069-B5B631E93523}.Debug|Any CPU.ActiveCfg = Debug|Any CPU
		{70EF072A-A122-47B0-A069-B5B631E93523}.Debug|Any CPU.Build.0 = Debug|Any CPU
		{70EF072A-A122-47B0-A069-B5B631E93523}.Release|Any CPU.ActiveCfg = Release|Any CPU
		{70EF072A-A122-47B0-A069-B5B631E93523}.Release|Any CPU.Build.0 = Release|Any CPU
		{62788967-D32D-42CA-8ECB-1D3437E82B85}.Debug|Any CPU.ActiveCfg = Debug|Any CPU
		{62788967-D32D-42CA-8ECB-1D3437E82B85}.Debug|Any CPU.Build.0 = Debug|Any CPU
		{62788967-D32D-42CA-8ECB-1D3437E82B85}.Release|Any CPU.ActiveCfg = Release|Any CPU
		{62788967-D32D-42CA-8ECB-1D3437E82B85}.Release|Any CPU.Build.0 = Release|Any CPU
		{64F72965-C024-4E20-A786-76AF3F6D5836}.Debug|Any CPU.ActiveCfg = Debug|Any CPU
		{64F72965-C024-4E20-A786-76AF3F6D5836}.Debug|Any CPU.Build.0 = Debug|Any CPU
		{64F72965-C024-4E20-A786-76AF3F6D5836}.Release|Any CPU.ActiveCfg = Release|Any CPU
		{64F72965-C024-4E20-A786-76AF3F6D5836}.Release|Any CPU.Build.0 = Release|Any CPU
	EndGlobalSection
	GlobalSection(SolutionProperties) = preSolution
		HideSolutionNode = FALSE
	EndGlobalSection
	GlobalSection(ExtensibilityGlobals) = postSolution
		SolutionGuid = {3773C7DD-8FB1-4169-8615-89B0DE1D710C}
	EndGlobalSection
EndGlobal
